{
  "version": 4,
  "terraform_version": "1.7.1",
  "serial": 58,
  "lineage": "c51963e6-3290-bab6-e775-1d03189bfa75",
  "outputs": {
    "tf_fb_bastion_fip": {
      "value": "192.168.3.129",
      "type": "string"
    },
    "tf_fb_lb_fip": {
      "value": "192.168.3.58",
      "type": "string"
    }
  },
  "resources": [
    {
      "mode": "data",
      "type": "openstack_compute_flavor_v2",
      "name": "medium",
      "provider": "provider[\"registry.opentofu.org/terraform-provider-openstack/openstack\"]",
      "instances": [
        {
          "schema_version": 0,
          "attributes": {
            "description": "",
            "disk": 40,
            "extra_specs": {},
            "flavor_id": "d1cb0501-9b00-4c21-899d-70fc24090327",
            "id": "d1cb0501-9b00-4c21-899d-70fc24090327",
            "is_public": true,
            "min_disk": null,
            "min_ram": null,
            "name": "m1.medium",
            "ram": 4096,
            "region": null,
            "rx_tx_factor": 1,
            "swap": 0,
            "vcpus": 2
          },
          "sensitive_attributes": []
        }
      ]
    },
    {
      "mode": "data",
      "type": "openstack_compute_flavor_v2",
      "name": "small",
      "provider": "provider[\"registry.opentofu.org/terraform-provider-openstack/openstack\"]",
      "instances": [
        {
          "schema_version": 0,
          "attributes": {
            "description": "",
            "disk": 20,
            "extra_specs": {},
            "flavor_id": "2d357d3d-32c1-4af8-81dd-a71a7d7cf303",
            "id": "2d357d3d-32c1-4af8-81dd-a71a7d7cf303",
            "is_public": true,
            "min_disk": null,
            "min_ram": null,
            "name": "m1.small",
            "ram": 2048,
            "region": null,
            "rx_tx_factor": 1,
            "swap": 0,
            "vcpus": 1
          },
          "sensitive_attributes": []
        }
      ]
    },
    {
      "mode": "data",
      "type": "openstack_images_image_v2",
      "name": "srv_mysql_ubuntu1804",
      "provider": "provider[\"registry.opentofu.org/terraform-provider-openstack/openstack\"]",
      "instances": [
        {
          "schema_version": 0,
          "attributes": {
            "checksum": "8d53afd16e1b6b46853e7f7b0a440499",
            "container_format": "bare",
            "created_at": "2022-06-23T16:03:47Z",
            "disk_format": "qcow2",
            "file": "/v2/images/ac13f61b-288d-40ca-bbed-e7d836468da3/file",
            "hidden": false,
            "id": "ac13f61b-288d-40ca-bbed-e7d836468da3",
            "member_status": null,
            "metadata": {},
            "min_disk_gb": 20,
            "min_ram_mb": 0,
            "most_recent": true,
            "name": "srv-mysql-ubuntu1804",
            "name_regex": null,
            "owner": "3bbc97afbb294d159ff21a78605a06f9",
            "properties": {
              "base_image_ref": "54ecd32b-cbfa-4320-a75e-8bbc27eda244",
              "boot_roles": "member,admin,reader",
              "hw_machine_type": "pc",
              "image_location": "snapshot",
              "image_state": "available",
              "image_type": "image",
              "instance_uuid": "9fee14c0-9da5-49db-8cb9-15b88b9aadac",
              "os_hash_algo": "sha512",
              "os_hash_value": "e75eaf6a4994f75e3da48a82fb87028009827ea16ebb75f86ced0830ab753fb08c341b79acb5c5d11a464bea8aac17904e47492fd3870c058df9959c8525ffa9",
              "owner_id": "3bbc97afbb294d159ff21a78605a06f9",
              "owner_project_name": "admin",
              "owner_user_name": "admin",
              "user_id": "8cd144aa3a7b427fbff32dbf72de6bde"
            },
            "protected": false,
            "region": "RegionOne",
            "schema": "/v2/schemas/image",
            "size_bytes": 1783103488,
            "size_max": null,
            "size_min": null,
            "sort": "name:asc",
            "tag": null,
            "tags": [],
            "updated_at": "2022-06-23T16:06:21Z",
            "visibility": "public"
          },
          "sensitive_attributes": []
        }
      ]
    },
    {
      "mode": "data",
      "type": "openstack_images_image_v2",
      "name": "srv_nginx_ubuntu1804",
      "provider": "provider[\"registry.opentofu.org/terraform-provider-openstack/openstack\"]",
      "instances": [
        {
          "schema_version": 0,
          "attributes": {
            "checksum": "31ed6e01e7ebbc9e6b0a366abf045829",
            "container_format": "bare",
            "created_at": "2022-06-23T16:18:09Z",
            "disk_format": "qcow2",
            "file": "/v2/images/cb2494cb-afc7-49b6-b4e0-ab96e24db38a/file",
            "hidden": false,
            "id": "cb2494cb-afc7-49b6-b4e0-ab96e24db38a",
            "member_status": null,
            "metadata": {},
            "min_disk_gb": 20,
            "min_ram_mb": 0,
            "most_recent": true,
            "name": "srv-nginx-ubuntu1804",
            "name_regex": null,
            "owner": "3bbc97afbb294d159ff21a78605a06f9",
            "properties": {
              "base_image_ref": "54ecd32b-cbfa-4320-a75e-8bbc27eda244",
              "boot_roles": "member,admin,reader",
              "hw_machine_type": "pc",
              "image_location": "snapshot",
              "image_state": "available",
              "image_type": "image",
              "instance_uuid": "582b858f-3086-420a-a5b6-ef0abc4cf1fe",
              "os_hash_algo": "sha512",
              "os_hash_value": "5063140039452f2cd74e7536c454ce1a3c507fdf5560eb405e8a8d71294f5990cb5fbeb490636f9907f9b6f0ae29584f792a51ce6a82ed20810775d02b26d3d2",
              "owner_id": "3bbc97afbb294d159ff21a78605a06f9",
              "owner_project_name": "admin",
              "owner_user_name": "admin",
              "user_id": "8cd144aa3a7b427fbff32dbf72de6bde"
            },
            "protected": false,
            "region": "RegionOne",
            "schema": "/v2/schemas/image",
            "size_bytes": 1535901696,
            "size_max": null,
            "size_min": null,
            "sort": "name:asc",
            "tag": null,
            "tags": [],
            "updated_at": "2022-06-23T16:21:50Z",
            "visibility": "public"
          },
          "sensitive_attributes": []
        }
      ]
    },
    {
      "mode": "data",
      "type": "openstack_images_image_v2",
      "name": "ubuntu_2204",
      "provider": "provider[\"registry.opentofu.org/terraform-provider-openstack/openstack\"]",
      "instances": [
        {
          "schema_version": 0,
          "attributes": {
            "checksum": "ce68b63a0f25fb6ad172e251a7a16552",
            "container_format": "bare",
            "created_at": "2024-03-06T13:22:14Z",
            "disk_format": "qcow2",
            "file": "/v2/images/e240efd9-b87e-4a91-bb9a-2eecb9ed51ca/file",
            "hidden": false,
            "id": "e240efd9-b87e-4a91-bb9a-2eecb9ed51ca",
            "member_status": null,
            "metadata": {},
            "min_disk_gb": 0,
            "min_ram_mb": 0,
            "most_recent": true,
            "name": "ubuntu_2204",
            "name_regex": null,
            "owner": "3bbc97afbb294d159ff21a78605a06f9",
            "properties": {
              "os_hash_algo": "sha512",
              "os_hash_value": "68839d8394a586bc83429bbc7fb503c5424cce998a8b4722b0c41f2b400802ca580719f6f5857379fab87bf75f078e1b4febe6d07131c5457e7d140fc1a263e1"
            },
            "protected": false,
            "region": "RegionOne",
            "schema": "/v2/schemas/image",
            "size_bytes": 649003008,
            "size_max": null,
            "size_min": null,
            "sort": "name:asc",
            "tag": null,
            "tags": [],
            "updated_at": "2024-03-06T13:38:18Z",
            "visibility": "public"
          },
          "sensitive_attributes": []
        }
      ]
    },
    {
      "mode": "data",
      "type": "openstack_networking_network_v2",
      "name": "ext_net",
      "provider": "provider[\"registry.opentofu.org/terraform-provider-openstack/openstack\"]",
      "instances": [
        {
          "schema_version": 0,
          "attributes": {
            "admin_state_up": "true",
            "all_tags": [],
            "availability_zone_hints": [],
            "description": "",
            "dns_domain": "",
            "external": true,
            "id": "4cd100c4-1652-47b1-b63b-a69f96a06355",
            "matching_subnet_cidr": null,
            "mtu": 1500,
            "name": "ext_net",
            "network_id": null,
            "region": "RegionOne",
            "segments": [],
            "shared": "false",
            "status": null,
            "subnets": [
              "14c24d48-1fc6-4f61-ba48-8b4cc5c5b612",
              "9dd43736-509b-45fe-9cf3-636209072c5c",
              "a2f95ff7-d06a-487e-8f7b-29e711ece6af"
            ],
            "tags": null,
            "tenant_id": "3bbc97afbb294d159ff21a78605a06f9",
            "transparent_vlan": false
          },
          "sensitive_attributes": []
        }
      ]
    },
    {
      "mode": "managed",
      "type": "openstack_compute_floatingip_associate_v2",
      "name": "tf_fb_bastion_fip",
      "provider": "provider[\"registry.opentofu.org/terraform-provider-openstack/openstack\"]",
      "instances": [
        {
          "schema_version": 0,
          "attributes": {
            "fixed_ip": "",
            "floating_ip": "192.168.3.129",
            "id": "192.168.3.129/96e414c0-aee2-468a-aae8-79253b70adbd/",
            "instance_id": "96e414c0-aee2-468a-aae8-79253b70adbd",
            "region": "RegionOne",
            "timeouts": null,
            "wait_until_associated": null
          },
          "sensitive_attributes": [],
          "private": "eyJlMmJmYjczMC1lY2FhLTExZTYtOGY4OC0zNDM2M2JjN2M0YzAiOnsiY3JlYXRlIjo2MDAwMDAwMDAwMDB9fQ==",
          "dependencies": [
            "data.openstack_compute_flavor_v2.small",
            "data.openstack_images_image_v2.ubuntu_2204",
            "openstack_compute_instance_v2.tf_fb_bastion",
            "openstack_compute_secgroup_v2.tf_fb_sg_base",
            "openstack_compute_secgroup_v2.tf_fb_sg_bastion",
            "openstack_networking_floatingip_v2.tf_fb_bastion_fip",
            "openstack_networking_network_v2.tf_fb_net",
            "openstack_networking_subnet_v2.tf_fb_subnet"
          ]
        }
      ]
    },
    {
      "mode": "managed",
      "type": "openstack_compute_floatingip_associate_v2",
      "name": "tf_fb_lb_fip",
      "provider": "provider[\"registry.opentofu.org/terraform-provider-openstack/openstack\"]",
      "instances": [
        {
          "schema_version": 0,
          "attributes": {
            "fixed_ip": "",
            "floating_ip": "192.168.3.58",
            "id": "192.168.3.58/772f2e50-02ba-472c-a158-19b96b600c9e/",
            "instance_id": "772f2e50-02ba-472c-a158-19b96b600c9e",
            "region": "RegionOne",
            "timeouts": null,
            "wait_until_associated": null
          },
          "sensitive_attributes": [],
          "private": "eyJlMmJmYjczMC1lY2FhLTExZTYtOGY4OC0zNDM2M2JjN2M0YzAiOnsiY3JlYXRlIjo2MDAwMDAwMDAwMDB9fQ==",
          "dependencies": [
            "data.openstack_compute_flavor_v2.small",
            "data.openstack_images_image_v2.srv_mysql_ubuntu1804",
            "data.openstack_images_image_v2.srv_nginx_ubuntu1804",
            "data.openstack_images_image_v2.ubuntu_2204",
            "openstack_compute_instance_v2.tf_fb_app_vm",
            "openstack_compute_instance_v2.tf_fb_db",
            "openstack_compute_instance_v2.tf_fb_lb",
            "openstack_compute_secgroup_v2.tf_fb_sg_app",
            "openstack_compute_secgroup_v2.tf_fb_sg_base",
            "openstack_compute_secgroup_v2.tf_fb_sg_bastion",
            "openstack_compute_secgroup_v2.tf_fb_sg_db",
            "openstack_compute_secgroup_v2.tf_fb_sg_lb",
            "openstack_networking_floatingip_v2.tf_fb_lb_fip",
            "openstack_networking_network_v2.tf_fb_net",
            "openstack_networking_subnet_v2.tf_fb_subnet"
          ]
        }
      ]
    },
    {
      "mode": "managed",
      "type": "openstack_compute_instance_v2",
      "name": "tf_fb_app_vm",
      "provider": "provider[\"registry.opentofu.org/terraform-provider-openstack/openstack\"]",
      "instances": [
        {
          "schema_version": 0,
          "attributes": {
            "access_ip_v4": "172.19.0.62",
            "access_ip_v6": "",
            "admin_pass": null,
            "all_metadata": {},
            "all_tags": [],
            "availability_zone": "nodos-amd-2022",
            "availability_zone_hints": null,
            "block_device": [],
            "config_drive": null,
            "created": "2024-07-09 22:13:34 +0000 UTC",
            "flavor_id": "2d357d3d-32c1-4af8-81dd-a71a7d7cf303",
            "flavor_name": "m1.small",
            "force_delete": false,
            "id": "87b5cdb7-82c4-4d6b-9f51-eabc1dd6aeff",
            "image_id": "e240efd9-b87e-4a91-bb9a-2eecb9ed51ca",
            "image_name": "ubuntu_2204",
            "key_pair": "fb-key",
            "metadata": null,
            "name": "tf_fb_app_vm",
            "network": [
              {
                "access_network": false,
                "fixed_ip_v4": "172.19.0.62",
                "fixed_ip_v6": "",
                "mac": "fa:16:3e:a2:55:14",
                "name": "tf_fb_net",
                "port": "",
                "uuid": "da681863-d874-4526-98d5-19267e7c403d"
              }
            ],
            "network_mode": null,
            "personality": [],
            "power_state": "active",
            "region": "RegionOne",
            "scheduler_hints": [],
            "security_groups": [
              "tf_fb_sg_app",
              "tf_fb_sg_base"
            ],
            "stop_before_destroy": false,
            "tags": null,
            "timeouts": null,
            "updated": "2024-07-09 22:13:38 +0000 UTC",
            "user_data": "e992151c671b79b622177685fe2342e5e25787db",
            "vendor_options": []
          },
          "sensitive_attributes": [],
          "private": "eyJlMmJmYjczMC1lY2FhLTExZTYtOGY4OC0zNDM2M2JjN2M0YzAiOnsiY3JlYXRlIjoxODAwMDAwMDAwMDAwLCJkZWxldGUiOjE4MDAwMDAwMDAwMDAsInVwZGF0ZSI6MTgwMDAwMDAwMDAwMH19",
          "dependencies": [
            "data.openstack_compute_flavor_v2.small",
            "data.openstack_images_image_v2.srv_mysql_ubuntu1804",
            "data.openstack_images_image_v2.ubuntu_2204",
            "openstack_compute_instance_v2.tf_fb_db",
            "openstack_compute_secgroup_v2.tf_fb_sg_app",
            "openstack_compute_secgroup_v2.tf_fb_sg_base",
            "openstack_compute_secgroup_v2.tf_fb_sg_bastion",
            "openstack_compute_secgroup_v2.tf_fb_sg_db",
            "openstack_compute_secgroup_v2.tf_fb_sg_lb",
            "openstack_networking_network_v2.tf_fb_net",
            "openstack_networking_subnet_v2.tf_fb_subnet"
          ]
        }
      ]
    },
    {
      "mode": "managed",
      "type": "openstack_compute_instance_v2",
      "name": "tf_fb_bastion",
      "provider": "provider[\"registry.opentofu.org/terraform-provider-openstack/openstack\"]",
      "instances": [
        {
          "schema_version": 0,
          "attributes": {
            "access_ip_v4": "172.19.0.142",
            "access_ip_v6": "",
            "admin_pass": null,
            "all_metadata": {},
            "all_tags": [],
            "availability_zone": "nodos-amd-2022",
            "availability_zone_hints": null,
            "block_device": [],
            "config_drive": null,
            "created": "2024-07-09 21:13:27 +0000 UTC",
            "flavor_id": "2d357d3d-32c1-4af8-81dd-a71a7d7cf303",
            "flavor_name": "m1.small",
            "force_delete": false,
            "id": "96e414c0-aee2-468a-aae8-79253b70adbd",
            "image_id": "e240efd9-b87e-4a91-bb9a-2eecb9ed51ca",
            "image_name": "ubuntu_2204",
            "key_pair": "fb-key",
            "metadata": null,
            "name": "tf_fb_bastion",
            "network": [
              {
                "access_network": false,
                "fixed_ip_v4": "172.19.0.142",
                "fixed_ip_v6": "",
                "mac": "fa:16:3e:d4:e2:23",
                "name": "tf_fb_net",
                "port": "",
                "uuid": "da681863-d874-4526-98d5-19267e7c403d"
              }
            ],
            "network_mode": null,
            "personality": [],
            "power_state": "active",
            "region": "RegionOne",
            "scheduler_hints": [],
            "security_groups": [
              "tf_fb_sg_base",
              "tf_fb_sg_bastion"
            ],
            "stop_before_destroy": false,
            "tags": [],
            "timeouts": null,
            "updated": "2024-07-09 21:13:35 +0000 UTC",
            "user_data": null,
            "vendor_options": []
          },
          "sensitive_attributes": [],
          "private": "eyJlMmJmYjczMC1lY2FhLTExZTYtOGY4OC0zNDM2M2JjN2M0YzAiOnsiY3JlYXRlIjoxODAwMDAwMDAwMDAwLCJkZWxldGUiOjE4MDAwMDAwMDAwMDAsInVwZGF0ZSI6MTgwMDAwMDAwMDAwMH19",
          "dependencies": [
            "data.openstack_compute_flavor_v2.small",
            "data.openstack_images_image_v2.ubuntu_2204",
            "openstack_compute_secgroup_v2.tf_fb_sg_base",
            "openstack_compute_secgroup_v2.tf_fb_sg_bastion",
            "openstack_networking_network_v2.tf_fb_net",
            "openstack_networking_subnet_v2.tf_fb_subnet"
          ]
        }
      ]
    },
    {
      "mode": "managed",
      "type": "openstack_compute_instance_v2",
      "name": "tf_fb_db",
      "provider": "provider[\"registry.opentofu.org/terraform-provider-openstack/openstack\"]",
      "instances": [
        {
          "schema_version": 0,
          "attributes": {
            "access_ip_v4": "172.19.0.238",
            "access_ip_v6": "",
            "admin_pass": null,
            "all_metadata": {},
            "all_tags": [],
            "availability_zone": "nodos-amd-2022",
            "availability_zone_hints": null,
            "block_device": [],
            "config_drive": null,
            "created": "2024-07-09 21:37:51 +0000 UTC",
            "flavor_id": "2d357d3d-32c1-4af8-81dd-a71a7d7cf303",
            "flavor_name": "m1.small",
            "force_delete": false,
            "id": "0eb9e990-5efd-49af-9e48-46bf0cf71227",
            "image_id": "ac13f61b-288d-40ca-bbed-e7d836468da3",
            "image_name": "srv-mysql-ubuntu1804",
            "key_pair": "fb-key",
            "metadata": null,
            "name": "tf_fb_db",
            "network": [
              {
                "access_network": false,
                "fixed_ip_v4": "172.19.0.238",
                "fixed_ip_v6": "",
                "mac": "fa:16:3e:ea:4e:fb",
                "name": "tf_fb_net",
                "port": "",
                "uuid": "da681863-d874-4526-98d5-19267e7c403d"
              }
            ],
            "network_mode": null,
            "personality": [],
            "power_state": "active",
            "region": "RegionOne",
            "scheduler_hints": [],
            "security_groups": [
              "tf_fb_sg_base",
              "tf_fb_sg_db"
            ],
            "stop_before_destroy": false,
            "tags": [],
            "timeouts": null,
            "updated": "2024-07-09 21:37:55 +0000 UTC",
            "user_data": "bd6db2bfc936728082a6193050386a1cb633acfd",
            "vendor_options": []
          },
          "sensitive_attributes": [],
          "private": "eyJlMmJmYjczMC1lY2FhLTExZTYtOGY4OC0zNDM2M2JjN2M0YzAiOnsiY3JlYXRlIjoxODAwMDAwMDAwMDAwLCJkZWxldGUiOjE4MDAwMDAwMDAwMDAsInVwZGF0ZSI6MTgwMDAwMDAwMDAwMH19",
          "dependencies": [
            "data.openstack_compute_flavor_v2.small",
            "data.openstack_images_image_v2.srv_mysql_ubuntu1804",
            "openstack_compute_secgroup_v2.tf_fb_sg_base",
            "openstack_compute_secgroup_v2.tf_fb_sg_bastion",
            "openstack_compute_secgroup_v2.tf_fb_sg_db",
            "openstack_networking_network_v2.tf_fb_net",
            "openstack_networking_subnet_v2.tf_fb_subnet"
          ]
        }
      ]
    },
    {
      "mode": "managed",
      "type": "openstack_compute_instance_v2",
      "name": "tf_fb_lb",
      "provider": "provider[\"registry.opentofu.org/terraform-provider-openstack/openstack\"]",
      "instances": [
        {
          "schema_version": 0,
          "attributes": {
            "access_ip_v4": "172.19.0.191",
            "access_ip_v6": "",
            "admin_pass": null,
            "all_metadata": {},
            "all_tags": [],
            "availability_zone": "nodos-amd-2022",
            "availability_zone_hints": null,
            "block_device": [],
            "config_drive": null,
            "created": "2024-07-09 22:13:47 +0000 UTC",
            "flavor_id": "2d357d3d-32c1-4af8-81dd-a71a7d7cf303",
            "flavor_name": "m1.small",
            "force_delete": false,
            "id": "772f2e50-02ba-472c-a158-19b96b600c9e",
            "image_id": "cb2494cb-afc7-49b6-b4e0-ab96e24db38a",
            "image_name": "srv-nginx-ubuntu1804",
            "key_pair": "fb-key",
            "metadata": null,
            "name": "tf_fb_lb",
            "network": [
              {
                "access_network": false,
                "fixed_ip_v4": "172.19.0.191",
                "fixed_ip_v6": "",
                "mac": "fa:16:3e:77:5b:77",
                "name": "tf_fb_net",
                "port": "",
                "uuid": "da681863-d874-4526-98d5-19267e7c403d"
              }
            ],
            "network_mode": null,
            "personality": [],
            "power_state": "active",
            "region": "RegionOne",
            "scheduler_hints": [],
            "security_groups": [
              "tf_fb_sg_base",
              "tf_fb_sg_lb"
            ],
            "stop_before_destroy": false,
            "tags": null,
            "timeouts": null,
            "updated": "2024-07-09 22:13:52 +0000 UTC",
            "user_data": "89545a4270a70b0e103cd071f7917e0b39437efe",
            "vendor_options": []
          },
          "sensitive_attributes": [],
          "private": "eyJlMmJmYjczMC1lY2FhLTExZTYtOGY4OC0zNDM2M2JjN2M0YzAiOnsiY3JlYXRlIjoxODAwMDAwMDAwMDAwLCJkZWxldGUiOjE4MDAwMDAwMDAwMDAsInVwZGF0ZSI6MTgwMDAwMDAwMDAwMH19",
          "dependencies": [
            "data.openstack_compute_flavor_v2.small",
            "data.openstack_images_image_v2.srv_mysql_ubuntu1804",
            "data.openstack_images_image_v2.srv_nginx_ubuntu1804",
            "data.openstack_images_image_v2.ubuntu_2204",
            "openstack_compute_instance_v2.tf_fb_app_vm",
            "openstack_compute_instance_v2.tf_fb_db",
            "openstack_compute_secgroup_v2.tf_fb_sg_app",
            "openstack_compute_secgroup_v2.tf_fb_sg_base",
            "openstack_compute_secgroup_v2.tf_fb_sg_bastion",
            "openstack_compute_secgroup_v2.tf_fb_sg_db",
            "openstack_compute_secgroup_v2.tf_fb_sg_lb",
            "openstack_networking_network_v2.tf_fb_net",
            "openstack_networking_subnet_v2.tf_fb_subnet"
          ]
        }
      ]
    },
    {
      "mode": "managed",
      "type": "openstack_compute_secgroup_v2",
      "name": "tf_fb_sg_app",
      "provider": "provider[\"registry.opentofu.org/terraform-provider-openstack/openstack\"]",
      "instances": [
        {
          "schema_version": 0,
          "attributes": {
            "description": "tf_fb_sg_app",
            "id": "fe414438-cdeb-49fd-bca5-95848099ae87",
            "name": "tf_fb_sg_app",
            "region": "RegionOne",
            "rule": [
              {
                "cidr": "",
                "from_group_id": "403e7001-6fb1-4c2b-a624-a5fa4c9e674f",
                "from_port": 80,
                "id": "e9dcfe00-aae8-498d-843c-520cb64e112e",
                "ip_protocol": "tcp",
                "self": false,
                "to_port": 80
              },
              {
                "cidr": "",
                "from_group_id": "6a256cd5-f900-4cd3-90cd-e5122c69a46b",
                "from_port": 22,
                "id": "55fafae1-8764-416d-a7e7-fa5ea2ae7f7d",
                "ip_protocol": "tcp",
                "self": false,
                "to_port": 22
              }
            ],
            "timeouts": null
          },
          "sensitive_attributes": [],
          "private": "eyJlMmJmYjczMC1lY2FhLTExZTYtOGY4OC0zNDM2M2JjN2M0YzAiOnsiZGVsZXRlIjo2MDAwMDAwMDAwMDB9fQ==",
          "dependencies": [
            "openstack_compute_secgroup_v2.tf_fb_sg_bastion",
            "openstack_compute_secgroup_v2.tf_fb_sg_lb"
          ]
        }
      ]
    },
    {
      "mode": "managed",
      "type": "openstack_compute_secgroup_v2",
      "name": "tf_fb_sg_base",
      "provider": "provider[\"registry.opentofu.org/terraform-provider-openstack/openstack\"]",
      "instances": [
        {
          "schema_version": 0,
          "attributes": {
            "description": "tf_fb_sg_base",
            "id": "bc7c031e-e993-4c6e-b6b9-d2a023363ed0",
            "name": "tf_fb_sg_base",
            "region": "RegionOne",
            "rule": [
              {
                "cidr": "0.0.0.0/0",
                "from_group_id": "",
                "from_port": -1,
                "id": "1308bc40-965b-4dfc-aa67-a570102b7df4",
                "ip_protocol": "icmp",
                "self": false,
                "to_port": -1
              }
            ],
            "timeouts": null
          },
          "sensitive_attributes": [],
          "private": "eyJlMmJmYjczMC1lY2FhLTExZTYtOGY4OC0zNDM2M2JjN2M0YzAiOnsiZGVsZXRlIjo2MDAwMDAwMDAwMDB9fQ=="
        }
      ]
    },
    {
      "mode": "managed",
      "type": "openstack_compute_secgroup_v2",
      "name": "tf_fb_sg_bastion",
      "provider": "provider[\"registry.opentofu.org/terraform-provider-openstack/openstack\"]",
      "instances": [
        {
          "schema_version": 0,
          "attributes": {
            "description": "tf_fb_sg_bastion",
            "id": "6a256cd5-f900-4cd3-90cd-e5122c69a46b",
            "name": "tf_fb_sg_bastion",
            "region": "RegionOne",
            "rule": [
              {
                "cidr": "0.0.0.0/0",
                "from_group_id": "",
                "from_port": 22,
                "id": "4bed3eb1-6bba-4efd-95e1-397666e8c933",
                "ip_protocol": "tcp",
                "self": false,
                "to_port": 22
              },
              {
                "cidr": "::/0",
                "from_group_id": "",
                "from_port": 22,
                "id": "d9bad187-48a6-4d8a-9d1e-736fa75ac800",
                "ip_protocol": "tcp",
                "self": false,
                "to_port": 22
              }
            ],
            "timeouts": null
          },
          "sensitive_attributes": [],
          "private": "eyJlMmJmYjczMC1lY2FhLTExZTYtOGY4OC0zNDM2M2JjN2M0YzAiOnsiZGVsZXRlIjo2MDAwMDAwMDAwMDB9fQ=="
        }
      ]
    },
    {
      "mode": "managed",
      "type": "openstack_compute_secgroup_v2",
      "name": "tf_fb_sg_db",
      "provider": "provider[\"registry.opentofu.org/terraform-provider-openstack/openstack\"]",
      "instances": [
        {
          "schema_version": 0,
          "attributes": {
            "description": "tf_fb_sg_db",
            "id": "6c5c6e2c-0ea5-4e86-af97-80dd811e155d",
            "name": "tf_fb_sg_db",
            "region": "RegionOne",
            "rule": [
              {
                "cidr": "",
                "from_group_id": "6a256cd5-f900-4cd3-90cd-e5122c69a46b",
                "from_port": 22,
                "id": "14773bde-63f4-4a9c-b8cb-35e47e6fb302",
                "ip_protocol": "tcp",
                "self": false,
                "to_port": 22
              },
              {
                "cidr": "0.0.0.0/0",
                "from_group_id": "",
                "from_port": 3306,
                "id": "a7bec88b-d1cb-43e8-ba68-3d8a5bae826b",
                "ip_protocol": "tcp",
                "self": false,
                "to_port": 3306
              }
            ],
            "timeouts": null
          },
          "sensitive_attributes": [],
          "private": "eyJlMmJmYjczMC1lY2FhLTExZTYtOGY4OC0zNDM2M2JjN2M0YzAiOnsiZGVsZXRlIjo2MDAwMDAwMDAwMDB9fQ==",
          "dependencies": [
            "openstack_compute_secgroup_v2.tf_fb_sg_bastion"
          ]
        }
      ]
    },
    {
      "mode": "managed",
      "type": "openstack_compute_secgroup_v2",
      "name": "tf_fb_sg_lb",
      "provider": "provider[\"registry.opentofu.org/terraform-provider-openstack/openstack\"]",
      "instances": [
        {
          "schema_version": 0,
          "attributes": {
            "description": "tf_fb_sg_lb",
            "id": "403e7001-6fb1-4c2b-a624-a5fa4c9e674f",
            "name": "tf_fb_sg_lb",
            "region": "RegionOne",
            "rule": [
              {
                "cidr": "",
                "from_group_id": "6a256cd5-f900-4cd3-90cd-e5122c69a46b",
                "from_port": 22,
                "id": "4d0173a2-b474-4630-af65-ab89a4366d6f",
                "ip_protocol": "tcp",
                "self": false,
                "to_port": 22
              },
              {
                "cidr": "0.0.0.0/0",
                "from_group_id": "",
                "from_port": 443,
                "id": "ce28437b-6d3a-4c46-a196-fc186cfb6073",
                "ip_protocol": "tcp",
                "self": false,
                "to_port": 443
              },
              {
                "cidr": "0.0.0.0/0",
                "from_group_id": "",
                "from_port": 80,
                "id": "44e59f3e-c4dd-4ff6-91ad-224647f1b172",
                "ip_protocol": "tcp",
                "self": false,
                "to_port": 80
              }
            ],
            "timeouts": null
          },
          "sensitive_attributes": [],
          "private": "eyJlMmJmYjczMC1lY2FhLTExZTYtOGY4OC0zNDM2M2JjN2M0YzAiOnsiZGVsZXRlIjo2MDAwMDAwMDAwMDB9fQ==",
          "dependencies": [
            "openstack_compute_secgroup_v2.tf_fb_sg_bastion"
          ]
        }
      ]
    },
    {
      "mode": "managed",
      "type": "openstack_networking_floatingip_v2",
      "name": "tf_fb_bastion_fip",
      "provider": "provider[\"registry.opentofu.org/terraform-provider-openstack/openstack\"]",
      "instances": [
        {
          "schema_version": 0,
          "attributes": {
            "address": "192.168.3.129",
            "all_tags": [],
            "description": "tf_fb_bastion_fip",
            "dns_domain": "",
            "dns_name": "",
            "fixed_ip": "172.19.0.142",
            "id": "fd958ed1-9856-4737-9a0a-6ba9317565a6",
            "pool": "ext_net",
            "port_id": "d427dac6-5353-4059-85b2-6f11fd2ed98c",
            "region": "RegionOne",
            "subnet_id": null,
            "subnet_ids": null,
            "tags": [],
            "tenant_id": "079e6319252840c58efc14fa898f96a7",
            "timeouts": null,
            "value_specs": null
          },
          "sensitive_attributes": [],
          "private": "eyJlMmJmYjczMC1lY2FhLTExZTYtOGY4OC0zNDM2M2JjN2M0YzAiOnsiY3JlYXRlIjo2MDAwMDAwMDAwMDAsImRlbGV0ZSI6NjAwMDAwMDAwMDAwfX0="
        }
      ]
    },
    {
      "mode": "managed",
      "type": "openstack_networking_floatingip_v2",
      "name": "tf_fb_lb_fip",
      "provider": "provider[\"registry.opentofu.org/terraform-provider-openstack/openstack\"]",
      "instances": [
        {
          "schema_version": 0,
          "attributes": {
            "address": "192.168.3.58",
            "all_tags": [],
            "description": "tf_fb_lb_fip",
            "dns_domain": "",
            "dns_name": "",
            "fixed_ip": "172.19.0.36",
            "id": "3a12b214-96e5-414b-8178-4a86af8b5684",
            "pool": "ext_net",
            "port_id": "70d5f99b-9948-4292-abb1-123be74a4c89",
            "region": "RegionOne",
            "subnet_id": null,
            "subnet_ids": null,
            "tags": [],
            "tenant_id": "079e6319252840c58efc14fa898f96a7",
            "timeouts": null,
            "value_specs": null
          },
          "sensitive_attributes": [],
          "private": "eyJlMmJmYjczMC1lY2FhLTExZTYtOGY4OC0zNDM2M2JjN2M0YzAiOnsiY3JlYXRlIjo2MDAwMDAwMDAwMDAsImRlbGV0ZSI6NjAwMDAwMDAwMDAwfX0="
        }
      ]
    },
    {
      "mode": "managed",
      "type": "openstack_networking_network_v2",
      "name": "tf_fb_net",
      "provider": "provider[\"registry.opentofu.org/terraform-provider-openstack/openstack\"]",
      "instances": [
        {
          "schema_version": 0,
          "attributes": {
            "admin_state_up": true,
            "all_tags": [],
            "availability_zone_hints": [],
            "description": "",
            "dns_domain": "",
            "external": false,
            "id": "da681863-d874-4526-98d5-19267e7c403d",
            "mtu": 1450,
            "name": "tf_fb_net",
            "port_security_enabled": true,
            "qos_policy_id": "",
            "region": "RegionOne",
            "segments": [],
            "shared": false,
            "tags": [],
            "tenant_id": "079e6319252840c58efc14fa898f96a7",
            "timeouts": null,
            "transparent_vlan": false,
            "value_specs": null
          },
          "sensitive_attributes": [],
          "private": "eyJlMmJmYjczMC1lY2FhLTExZTYtOGY4OC0zNDM2M2JjN2M0YzAiOnsiY3JlYXRlIjo2MDAwMDAwMDAwMDAsImRlbGV0ZSI6NjAwMDAwMDAwMDAwfX0="
        }
      ]
    },
    {
      "mode": "managed",
      "type": "openstack_networking_router_interface_v2",
      "name": "tf_router_iface_internal",
      "provider": "provider[\"registry.opentofu.org/terraform-provider-openstack/openstack\"]",
      "instances": [
        {
          "schema_version": 0,
          "attributes": {
            "force_destroy": false,
            "id": "52f0523a-1bbf-46fc-b937-b23761cb11b9",
            "port_id": "52f0523a-1bbf-46fc-b937-b23761cb11b9",
            "region": "RegionOne",
            "router_id": "a268881e-5619-400a-8f4d-3ba04b9016d4",
            "subnet_id": "e62f5fee-7ced-46c1-b676-829ab0e52c50",
            "timeouts": null
          },
          "sensitive_attributes": [],
          "private": "eyJlMmJmYjczMC1lY2FhLTExZTYtOGY4OC0zNDM2M2JjN2M0YzAiOnsiY3JlYXRlIjo2MDAwMDAwMDAwMDAsImRlbGV0ZSI6NjAwMDAwMDAwMDAwfX0=",
          "dependencies": [
            "data.openstack_networking_network_v2.ext_net",
            "openstack_networking_network_v2.tf_fb_net",
            "openstack_networking_router_v2.tf_fb_router",
            "openstack_networking_subnet_v2.tf_fb_subnet"
          ]
        }
      ]
    },
    {
      "mode": "managed",
      "type": "openstack_networking_router_v2",
      "name": "tf_fb_router",
      "provider": "provider[\"registry.opentofu.org/terraform-provider-openstack/openstack\"]",
      "instances": [
        {
          "schema_version": 0,
          "attributes": {
            "admin_state_up": true,
            "all_tags": [],
            "availability_zone_hints": [],
            "description": "",
            "distributed": false,
            "enable_snat": true,
            "external_fixed_ip": [
              {
                "ip_address": "192.168.3.190",
                "subnet_id": "14c24d48-1fc6-4f61-ba48-8b4cc5c5b612"
              },
              {
                "ip_address": "2803:de40:4014:c6ff::145b",
                "subnet_id": "9dd43736-509b-45fe-9cf3-636209072c5c"
              }
            ],
            "external_network_id": "4cd100c4-1652-47b1-b63b-a69f96a06355",
            "external_subnet_ids": null,
            "id": "a268881e-5619-400a-8f4d-3ba04b9016d4",
            "name": "tf_fb_router",
            "region": "RegionOne",
            "tags": [],
            "tenant_id": "079e6319252840c58efc14fa898f96a7",
            "timeouts": null,
            "value_specs": null,
            "vendor_options": []
          },
          "sensitive_attributes": [],
          "private": "eyJlMmJmYjczMC1lY2FhLTExZTYtOGY4OC0zNDM2M2JjN2M0YzAiOnsiY3JlYXRlIjo2MDAwMDAwMDAwMDAsImRlbGV0ZSI6NjAwMDAwMDAwMDAwfX0=",
          "dependencies": [
            "data.openstack_networking_network_v2.ext_net"
          ]
        }
      ]
    },
    {
      "mode": "managed",
      "type": "openstack_networking_subnet_v2",
      "name": "tf_fb_subnet",
      "provider": "provider[\"registry.opentofu.org/terraform-provider-openstack/openstack\"]",
      "instances": [
        {
          "schema_version": 0,
          "attributes": {
            "all_tags": [],
            "allocation_pool": [
              {
                "end": "172.19.0.254",
                "start": "172.19.0.2"
              }
            ],
            "cidr": "172.19.0.0/24",
            "description": "",
            "dns_nameservers": [
              "8.8.8.8",
              "1.1.1.1"
            ],
            "enable_dhcp": true,
            "gateway_ip": "172.19.0.1",
            "id": "e62f5fee-7ced-46c1-b676-829ab0e52c50",
            "ip_version": 4,
            "ipv6_address_mode": "",
            "ipv6_ra_mode": "",
            "name": "tf_fb_subnet",
            "network_id": "da681863-d874-4526-98d5-19267e7c403d",
            "no_gateway": false,
            "prefix_length": null,
            "region": "RegionOne",
            "service_types": [],
            "subnetpool_id": "",
            "tags": [],
            "tenant_id": "079e6319252840c58efc14fa898f96a7",
            "timeouts": null,
            "value_specs": null
          },
          "sensitive_attributes": [],
          "private": "eyJlMmJmYjczMC1lY2FhLTExZTYtOGY4OC0zNDM2M2JjN2M0YzAiOnsiY3JlYXRlIjo2MDAwMDAwMDAwMDAsImRlbGV0ZSI6NjAwMDAwMDAwMDAwfX0=",
          "dependencies": [
            "openstack_networking_network_v2.tf_fb_net"
          ]
        }
      ]
    }
  ],
  "check_results": null
}
