{
  "version": 4,
  "terraform_version": "1.7.1",
  "serial": 31,
  "lineage": "c51963e6-3290-bab6-e775-1d03189bfa75",
  "outputs": {
    "tf_fb_bastion_fip": {
      "value": "192.168.3.177",
      "type": "string"
    },
    "tf_fb_lb_fip": {
      "value": "192.168.3.58",
      "type": "string"
    }
  },
  "resources": [
    {
      "mode": "data",
      "type": "openstack_compute_flavor_v2",
      "name": "medium",
      "provider": "provider[\"registry.opentofu.org/terraform-provider-openstack/openstack\"]",
      "instances": [
        {
          "schema_version": 0,
          "attributes": {
            "description": "",
            "disk": 40,
            "extra_specs": {},
            "flavor_id": "d1cb0501-9b00-4c21-899d-70fc24090327",
            "id": "d1cb0501-9b00-4c21-899d-70fc24090327",
            "is_public": true,
            "min_disk": null,
            "min_ram": null,
            "name": "m1.medium",
            "ram": 4096,
            "region": null,
            "rx_tx_factor": 1,
            "swap": 0,
            "vcpus": 2
          },
          "sensitive_attributes": []
        }
      ]
    },
    {
      "mode": "data",
      "type": "openstack_compute_flavor_v2",
      "name": "small",
      "provider": "provider[\"registry.opentofu.org/terraform-provider-openstack/openstack\"]",
      "instances": [
        {
          "schema_version": 0,
          "attributes": {
            "description": "",
            "disk": 20,
            "extra_specs": {},
            "flavor_id": "2d357d3d-32c1-4af8-81dd-a71a7d7cf303",
            "id": "2d357d3d-32c1-4af8-81dd-a71a7d7cf303",
            "is_public": true,
            "min_disk": null,
            "min_ram": null,
            "name": "m1.small",
            "ram": 2048,
            "region": null,
            "rx_tx_factor": 1,
            "swap": 0,
            "vcpus": 1
          },
          "sensitive_attributes": []
        }
      ]
    },
    {
      "mode": "data",
      "type": "openstack_images_image_v2",
      "name": "srv_mysql_ubuntu1804",
      "provider": "provider[\"registry.opentofu.org/terraform-provider-openstack/openstack\"]",
      "instances": [
        {
          "schema_version": 0,
          "attributes": {
            "checksum": "8d53afd16e1b6b46853e7f7b0a440499",
            "container_format": "bare",
            "created_at": "2022-06-23T16:03:47Z",
            "disk_format": "qcow2",
            "file": "/v2/images/ac13f61b-288d-40ca-bbed-e7d836468da3/file",
            "hidden": false,
            "id": "ac13f61b-288d-40ca-bbed-e7d836468da3",
            "member_status": null,
            "metadata": {},
            "min_disk_gb": 20,
            "min_ram_mb": 0,
            "most_recent": true,
            "name": "srv-mysql-ubuntu1804",
            "name_regex": null,
            "owner": "3bbc97afbb294d159ff21a78605a06f9",
            "properties": {
              "base_image_ref": "54ecd32b-cbfa-4320-a75e-8bbc27eda244",
              "boot_roles": "member,admin,reader",
              "hw_machine_type": "pc",
              "image_location": "snapshot",
              "image_state": "available",
              "image_type": "image",
              "instance_uuid": "9fee14c0-9da5-49db-8cb9-15b88b9aadac",
              "os_hash_algo": "sha512",
              "os_hash_value": "e75eaf6a4994f75e3da48a82fb87028009827ea16ebb75f86ced0830ab753fb08c341b79acb5c5d11a464bea8aac17904e47492fd3870c058df9959c8525ffa9",
              "owner_id": "3bbc97afbb294d159ff21a78605a06f9",
              "owner_project_name": "admin",
              "owner_user_name": "admin",
              "user_id": "8cd144aa3a7b427fbff32dbf72de6bde"
            },
            "protected": false,
            "region": "RegionOne",
            "schema": "/v2/schemas/image",
            "size_bytes": 1783103488,
            "size_max": null,
            "size_min": null,
            "sort": "name:asc",
            "tag": null,
            "tags": [],
            "updated_at": "2022-06-23T16:06:21Z",
            "visibility": "public"
          },
          "sensitive_attributes": []
        }
      ]
    },
    {
      "mode": "data",
      "type": "openstack_images_image_v2",
      "name": "srv_nginx_ubuntu1804",
      "provider": "provider[\"registry.opentofu.org/terraform-provider-openstack/openstack\"]",
      "instances": [
        {
          "schema_version": 0,
          "attributes": {
            "checksum": "31ed6e01e7ebbc9e6b0a366abf045829",
            "container_format": "bare",
            "created_at": "2022-06-23T16:18:09Z",
            "disk_format": "qcow2",
            "file": "/v2/images/cb2494cb-afc7-49b6-b4e0-ab96e24db38a/file",
            "hidden": false,
            "id": "cb2494cb-afc7-49b6-b4e0-ab96e24db38a",
            "member_status": null,
            "metadata": {},
            "min_disk_gb": 20,
            "min_ram_mb": 0,
            "most_recent": true,
            "name": "srv-nginx-ubuntu1804",
            "name_regex": null,
            "owner": "3bbc97afbb294d159ff21a78605a06f9",
            "properties": {
              "base_image_ref": "54ecd32b-cbfa-4320-a75e-8bbc27eda244",
              "boot_roles": "member,admin,reader",
              "hw_machine_type": "pc",
              "image_location": "snapshot",
              "image_state": "available",
              "image_type": "image",
              "instance_uuid": "582b858f-3086-420a-a5b6-ef0abc4cf1fe",
              "os_hash_algo": "sha512",
              "os_hash_value": "5063140039452f2cd74e7536c454ce1a3c507fdf5560eb405e8a8d71294f5990cb5fbeb490636f9907f9b6f0ae29584f792a51ce6a82ed20810775d02b26d3d2",
              "owner_id": "3bbc97afbb294d159ff21a78605a06f9",
              "owner_project_name": "admin",
              "owner_user_name": "admin",
              "user_id": "8cd144aa3a7b427fbff32dbf72de6bde"
            },
            "protected": false,
            "region": "RegionOne",
            "schema": "/v2/schemas/image",
            "size_bytes": 1535901696,
            "size_max": null,
            "size_min": null,
            "sort": "name:asc",
            "tag": null,
            "tags": [],
            "updated_at": "2022-06-23T16:21:50Z",
            "visibility": "public"
          },
          "sensitive_attributes": []
        }
      ]
    },
    {
      "mode": "data",
      "type": "openstack_images_image_v2",
      "name": "ubuntu_2204",
      "provider": "provider[\"registry.opentofu.org/terraform-provider-openstack/openstack\"]",
      "instances": [
        {
          "schema_version": 0,
          "attributes": {
            "checksum": "ce68b63a0f25fb6ad172e251a7a16552",
            "container_format": "bare",
            "created_at": "2024-03-06T13:22:14Z",
            "disk_format": "qcow2",
            "file": "/v2/images/e240efd9-b87e-4a91-bb9a-2eecb9ed51ca/file",
            "hidden": false,
            "id": "e240efd9-b87e-4a91-bb9a-2eecb9ed51ca",
            "member_status": null,
            "metadata": {},
            "min_disk_gb": 0,
            "min_ram_mb": 0,
            "most_recent": true,
            "name": "ubuntu_2204",
            "name_regex": null,
            "owner": "3bbc97afbb294d159ff21a78605a06f9",
            "properties": {
              "os_hash_algo": "sha512",
              "os_hash_value": "68839d8394a586bc83429bbc7fb503c5424cce998a8b4722b0c41f2b400802ca580719f6f5857379fab87bf75f078e1b4febe6d07131c5457e7d140fc1a263e1"
            },
            "protected": false,
            "region": "RegionOne",
            "schema": "/v2/schemas/image",
            "size_bytes": 649003008,
            "size_max": null,
            "size_min": null,
            "sort": "name:asc",
            "tag": null,
            "tags": [],
            "updated_at": "2024-03-06T13:38:18Z",
            "visibility": "public"
          },
          "sensitive_attributes": []
        }
      ]
    },
    {
      "mode": "data",
      "type": "openstack_networking_network_v2",
      "name": "ext_net",
      "provider": "provider[\"registry.opentofu.org/terraform-provider-openstack/openstack\"]",
      "instances": [
        {
          "schema_version": 0,
          "attributes": {
            "admin_state_up": "true",
            "all_tags": [],
            "availability_zone_hints": [],
            "description": "",
            "dns_domain": "",
            "external": true,
            "id": "4cd100c4-1652-47b1-b63b-a69f96a06355",
            "matching_subnet_cidr": null,
            "mtu": 1500,
            "name": "ext_net",
            "network_id": null,
            "region": "RegionOne",
            "segments": [],
            "shared": "false",
            "status": null,
            "subnets": [
              "14c24d48-1fc6-4f61-ba48-8b4cc5c5b612",
              "9dd43736-509b-45fe-9cf3-636209072c5c",
              "a2f95ff7-d06a-487e-8f7b-29e711ece6af"
            ],
            "tags": null,
            "tenant_id": "3bbc97afbb294d159ff21a78605a06f9",
            "transparent_vlan": false
          },
          "sensitive_attributes": []
        }
      ]
    },
    {
      "mode": "managed",
      "type": "openstack_compute_floatingip_associate_v2",
      "name": "tf_fb_bastion_fip",
      "provider": "provider[\"registry.opentofu.org/terraform-provider-openstack/openstack\"]",
      "instances": [
        {
          "schema_version": 0,
          "attributes": {
            "fixed_ip": "",
            "floating_ip": "192.168.3.177",
            "id": "192.168.3.177/4ace9d3d-0aef-404f-8c25-98f25fe0b7a5/",
            "instance_id": "4ace9d3d-0aef-404f-8c25-98f25fe0b7a5",
            "region": "RegionOne",
            "timeouts": null,
            "wait_until_associated": null
          },
          "sensitive_attributes": [],
          "private": "eyJlMmJmYjczMC1lY2FhLTExZTYtOGY4OC0zNDM2M2JjN2M0YzAiOnsiY3JlYXRlIjo2MDAwMDAwMDAwMDB9fQ==",
          "dependencies": [
            "data.openstack_compute_flavor_v2.small",
            "data.openstack_images_image_v2.ubuntu_2204",
            "openstack_compute_instance_v2.tf_fb_bastion",
            "openstack_compute_secgroup_v2.tf_fb_sg_base",
            "openstack_compute_secgroup_v2.tf_fb_sg_bastion",
            "openstack_networking_floatingip_v2.tf_fb_bastion_fip",
            "openstack_networking_network_v2.tf_fb_net",
            "openstack_networking_subnet_v2.tf_fb_subnet"
          ]
        }
      ]
    },
    {
      "mode": "managed",
      "type": "openstack_compute_instance_v2",
      "name": "tf_fb_bastion",
      "provider": "provider[\"registry.opentofu.org/terraform-provider-openstack/openstack\"]",
      "instances": [
        {
          "schema_version": 0,
          "attributes": {
            "access_ip_v4": "172.19.0.176",
            "access_ip_v6": "",
            "admin_pass": null,
            "all_metadata": {},
            "all_tags": [],
            "availability_zone": "nodos-amd-2022",
            "availability_zone_hints": null,
            "block_device": [],
            "config_drive": null,
            "created": "2024-07-09 19:53:30 +0000 UTC",
            "flavor_id": "2d357d3d-32c1-4af8-81dd-a71a7d7cf303",
            "flavor_name": "m1.small",
            "force_delete": false,
            "id": "4ace9d3d-0aef-404f-8c25-98f25fe0b7a5",
            "image_id": "e240efd9-b87e-4a91-bb9a-2eecb9ed51ca",
            "image_name": "ubuntu_2204",
            "key_pair": "fb-key",
            "metadata": null,
            "name": "tf_fb_bastion",
            "network": [
              {
                "access_network": false,
                "fixed_ip_v4": "172.19.0.176",
                "fixed_ip_v6": "",
                "mac": "fa:16:3e:9f:99:22",
                "name": "tf_fb_net",
                "port": "",
                "uuid": "6c5aed98-4d76-407f-bcc4-c97beb34ccb5"
              }
            ],
            "network_mode": null,
            "personality": [],
            "power_state": "active",
            "region": "RegionOne",
            "scheduler_hints": [],
            "security_groups": [
              "tf_fb_sg_base",
              "tf_fb_sg_bastion"
            ],
            "stop_before_destroy": false,
            "tags": [],
            "timeouts": null,
            "updated": "2024-07-09 19:53:35 +0000 UTC",
            "user_data": null,
            "vendor_options": []
          },
          "sensitive_attributes": [],
          "private": "eyJlMmJmYjczMC1lY2FhLTExZTYtOGY4OC0zNDM2M2JjN2M0YzAiOnsiY3JlYXRlIjoxODAwMDAwMDAwMDAwLCJkZWxldGUiOjE4MDAwMDAwMDAwMDAsInVwZGF0ZSI6MTgwMDAwMDAwMDAwMH19",
          "dependencies": [
            "data.openstack_compute_flavor_v2.small",
            "data.openstack_images_image_v2.ubuntu_2204",
            "openstack_compute_secgroup_v2.tf_fb_sg_base",
            "openstack_compute_secgroup_v2.tf_fb_sg_bastion",
            "openstack_networking_network_v2.tf_fb_net",
            "openstack_networking_subnet_v2.tf_fb_subnet"
          ]
        }
      ]
    },
    {
      "mode": "managed",
      "type": "openstack_compute_secgroup_v2",
      "name": "tf_fb_sg_app",
      "provider": "provider[\"registry.opentofu.org/terraform-provider-openstack/openstack\"]",
      "instances": [
        {
          "schema_version": 0,
          "attributes": {
            "description": "tf_fb_sg_app",
            "id": "13fe2473-1627-4e55-bd47-eb70dbb27e10",
            "name": "tf_fb_sg_app",
            "region": "RegionOne",
            "rule": [
              {
                "cidr": "",
                "from_group_id": "8cd0083c-0ecf-4f5e-8326-2f4afd69a7c4",
                "from_port": 80,
                "id": "330736d0-fb51-4dda-b237-9901b5f1d09b",
                "ip_protocol": "tcp",
                "self": false,
                "to_port": 80
              },
              {
                "cidr": "",
                "from_group_id": "f867ffdc-b098-40e7-a5c9-5e0839327e0d",
                "from_port": 22,
                "id": "34f4f33c-6fb9-4e1c-b9cd-6851a3be8fa2",
                "ip_protocol": "tcp",
                "self": false,
                "to_port": 22
              }
            ],
            "timeouts": null
          },
          "sensitive_attributes": [],
          "private": "eyJlMmJmYjczMC1lY2FhLTExZTYtOGY4OC0zNDM2M2JjN2M0YzAiOnsiZGVsZXRlIjo2MDAwMDAwMDAwMDB9fQ==",
          "dependencies": [
            "openstack_compute_secgroup_v2.tf_fb_sg_bastion",
            "openstack_compute_secgroup_v2.tf_fb_sg_lb"
          ]
        }
      ]
    },
    {
      "mode": "managed",
      "type": "openstack_compute_secgroup_v2",
      "name": "tf_fb_sg_base",
      "provider": "provider[\"registry.opentofu.org/terraform-provider-openstack/openstack\"]",
      "instances": [
        {
          "schema_version": 0,
          "attributes": {
            "description": "tf_fb_sg_base",
            "id": "ca55a5d0-44b6-498f-8fb5-cb3ab39e03a4",
            "name": "tf_fb_sg_base",
            "region": "RegionOne",
            "rule": [
              {
                "cidr": "0.0.0.0/0",
                "from_group_id": "",
                "from_port": -1,
                "id": "8b664521-a4d4-460e-803f-f791bbdc2464",
                "ip_protocol": "icmp",
                "self": false,
                "to_port": -1
              }
            ],
            "timeouts": null
          },
          "sensitive_attributes": [],
          "private": "eyJlMmJmYjczMC1lY2FhLTExZTYtOGY4OC0zNDM2M2JjN2M0YzAiOnsiZGVsZXRlIjo2MDAwMDAwMDAwMDB9fQ=="
        }
      ]
    },
    {
      "mode": "managed",
      "type": "openstack_compute_secgroup_v2",
      "name": "tf_fb_sg_bastion",
      "provider": "provider[\"registry.opentofu.org/terraform-provider-openstack/openstack\"]",
      "instances": [
        {
          "schema_version": 0,
          "attributes": {
            "description": "tf_fb_sg_bastion",
            "id": "f867ffdc-b098-40e7-a5c9-5e0839327e0d",
            "name": "tf_fb_sg_bastion",
            "region": "RegionOne",
            "rule": [
              {
                "cidr": "0.0.0.0/0",
                "from_group_id": "",
                "from_port": 22,
                "id": "48fb2967-a4fd-4ce0-8775-916d64e15098",
                "ip_protocol": "tcp",
                "self": false,
                "to_port": 22
              },
              {
                "cidr": "::/0",
                "from_group_id": "",
                "from_port": 22,
                "id": "a85c6517-3c37-47d3-bdff-36c23a72a84c",
                "ip_protocol": "tcp",
                "self": false,
                "to_port": 22
              }
            ],
            "timeouts": null
          },
          "sensitive_attributes": [],
          "private": "eyJlMmJmYjczMC1lY2FhLTExZTYtOGY4OC0zNDM2M2JjN2M0YzAiOnsiZGVsZXRlIjo2MDAwMDAwMDAwMDB9fQ=="
        }
      ]
    },
    {
      "mode": "managed",
      "type": "openstack_compute_secgroup_v2",
      "name": "tf_fb_sg_db",
      "provider": "provider[\"registry.opentofu.org/terraform-provider-openstack/openstack\"]",
      "instances": [
        {
          "schema_version": 0,
          "attributes": {
            "description": "tf_fb_sg_db",
            "id": "dbea9a06-d433-454c-a01a-08d2f3a43769",
            "name": "tf_fb_sg_db",
            "region": "RegionOne",
            "rule": [
              {
                "cidr": "",
                "from_group_id": "f867ffdc-b098-40e7-a5c9-5e0839327e0d",
                "from_port": 22,
                "id": "4ef1f116-1d37-4489-a3ad-3315fbc15cc5",
                "ip_protocol": "tcp",
                "self": false,
                "to_port": 22
              },
              {
                "cidr": "0.0.0.0/0",
                "from_group_id": "",
                "from_port": 3306,
                "id": "735e833f-b26f-42a4-a1db-a16947cad57b",
                "ip_protocol": "tcp",
                "self": false,
                "to_port": 3306
              }
            ],
            "timeouts": null
          },
          "sensitive_attributes": [],
          "private": "eyJlMmJmYjczMC1lY2FhLTExZTYtOGY4OC0zNDM2M2JjN2M0YzAiOnsiZGVsZXRlIjo2MDAwMDAwMDAwMDB9fQ==",
          "dependencies": [
            "openstack_compute_secgroup_v2.tf_fb_sg_bastion"
          ]
        }
      ]
    },
    {
      "mode": "managed",
      "type": "openstack_compute_secgroup_v2",
      "name": "tf_fb_sg_lb",
      "provider": "provider[\"registry.opentofu.org/terraform-provider-openstack/openstack\"]",
      "instances": [
        {
          "schema_version": 0,
          "attributes": {
            "description": "tf_fb_sg_lb",
            "id": "8cd0083c-0ecf-4f5e-8326-2f4afd69a7c4",
            "name": "tf_fb_sg_lb",
            "region": "RegionOne",
            "rule": [
              {
                "cidr": "",
                "from_group_id": "f867ffdc-b098-40e7-a5c9-5e0839327e0d",
                "from_port": 22,
                "id": "29a0da52-2122-4559-8edb-828f7dfefe22",
                "ip_protocol": "tcp",
                "self": false,
                "to_port": 22
              },
              {
                "cidr": "0.0.0.0/0",
                "from_group_id": "",
                "from_port": 443,
                "id": "1de54833-4164-407f-b789-afd6b4297f9d",
                "ip_protocol": "tcp",
                "self": false,
                "to_port": 443
              },
              {
                "cidr": "0.0.0.0/0",
                "from_group_id": "",
                "from_port": 80,
                "id": "5b04a7b5-2980-4dad-a733-8fc24e50c465",
                "ip_protocol": "tcp",
                "self": false,
                "to_port": 80
              }
            ],
            "timeouts": null
          },
          "sensitive_attributes": [],
          "private": "eyJlMmJmYjczMC1lY2FhLTExZTYtOGY4OC0zNDM2M2JjN2M0YzAiOnsiZGVsZXRlIjo2MDAwMDAwMDAwMDB9fQ==",
          "dependencies": [
            "openstack_compute_secgroup_v2.tf_fb_sg_bastion"
          ]
        }
      ]
    },
    {
      "mode": "managed",
      "type": "openstack_networking_floatingip_v2",
      "name": "tf_fb_bastion_fip",
      "provider": "provider[\"registry.opentofu.org/terraform-provider-openstack/openstack\"]",
      "instances": [
        {
          "schema_version": 0,
          "attributes": {
            "address": "192.168.3.177",
            "all_tags": [],
            "description": "tf_fb_bastion_fip",
            "dns_domain": "",
            "dns_name": "",
            "fixed_ip": "172.19.0.176",
            "id": "46b11574-41ee-4b4a-a5ab-e3ec1a2bf3bf",
            "pool": "ext_net",
            "port_id": "760a2b5b-815d-4c5f-9f0c-7f5ed232cf8e",
            "region": "RegionOne",
            "subnet_id": null,
            "subnet_ids": null,
            "tags": [],
            "tenant_id": "079e6319252840c58efc14fa898f96a7",
            "timeouts": null,
            "value_specs": null
          },
          "sensitive_attributes": [],
          "private": "eyJlMmJmYjczMC1lY2FhLTExZTYtOGY4OC0zNDM2M2JjN2M0YzAiOnsiY3JlYXRlIjo2MDAwMDAwMDAwMDAsImRlbGV0ZSI6NjAwMDAwMDAwMDAwfX0="
        }
      ]
    },
    {
      "mode": "managed",
      "type": "openstack_networking_floatingip_v2",
      "name": "tf_fb_lb_fip",
      "provider": "provider[\"registry.opentofu.org/terraform-provider-openstack/openstack\"]",
      "instances": [
        {
          "schema_version": 0,
          "attributes": {
            "address": "192.168.3.58",
            "all_tags": [],
            "description": "tf_fb_lb_fip",
            "dns_domain": "",
            "dns_name": "",
            "fixed_ip": "",
            "id": "35b6b642-8f5a-469d-96c9-07d8b520f50e",
            "pool": "ext_net",
            "port_id": "",
            "region": "RegionOne",
            "subnet_id": null,
            "subnet_ids": null,
            "tags": [],
            "tenant_id": "079e6319252840c58efc14fa898f96a7",
            "timeouts": null,
            "value_specs": null
          },
          "sensitive_attributes": [],
          "private": "eyJlMmJmYjczMC1lY2FhLTExZTYtOGY4OC0zNDM2M2JjN2M0YzAiOnsiY3JlYXRlIjo2MDAwMDAwMDAwMDAsImRlbGV0ZSI6NjAwMDAwMDAwMDAwfX0="
        }
      ]
    },
    {
      "mode": "managed",
      "type": "openstack_networking_network_v2",
      "name": "tf_fb_net",
      "provider": "provider[\"registry.opentofu.org/terraform-provider-openstack/openstack\"]",
      "instances": [
        {
          "schema_version": 0,
          "attributes": {
            "admin_state_up": true,
            "all_tags": [],
            "availability_zone_hints": [],
            "description": "",
            "dns_domain": "",
            "external": false,
            "id": "6c5aed98-4d76-407f-bcc4-c97beb34ccb5",
            "mtu": 1450,
            "name": "tf_fb_net",
            "port_security_enabled": true,
            "qos_policy_id": "",
            "region": "RegionOne",
            "segments": [],
            "shared": false,
            "tags": [],
            "tenant_id": "079e6319252840c58efc14fa898f96a7",
            "timeouts": null,
            "transparent_vlan": false,
            "value_specs": null
          },
          "sensitive_attributes": [],
          "private": "eyJlMmJmYjczMC1lY2FhLTExZTYtOGY4OC0zNDM2M2JjN2M0YzAiOnsiY3JlYXRlIjo2MDAwMDAwMDAwMDAsImRlbGV0ZSI6NjAwMDAwMDAwMDAwfX0="
        }
      ]
    },
    {
      "mode": "managed",
      "type": "openstack_networking_router_interface_v2",
      "name": "tf_router_iface_internal",
      "provider": "provider[\"registry.opentofu.org/terraform-provider-openstack/openstack\"]",
      "instances": [
        {
          "schema_version": 0,
          "attributes": {
            "force_destroy": false,
            "id": "d30b478c-3630-4f0f-b60c-eb332cd3f639",
            "port_id": "d30b478c-3630-4f0f-b60c-eb332cd3f639",
            "region": "RegionOne",
            "router_id": "8ba0b843-de27-4c20-82b7-186d9b525185",
            "subnet_id": "e5bd6ba8-dd0e-48ad-a38c-fff56dc1dc01",
            "timeouts": null
          },
          "sensitive_attributes": [],
          "private": "eyJlMmJmYjczMC1lY2FhLTExZTYtOGY4OC0zNDM2M2JjN2M0YzAiOnsiY3JlYXRlIjo2MDAwMDAwMDAwMDAsImRlbGV0ZSI6NjAwMDAwMDAwMDAwfX0=",
          "dependencies": [
            "data.openstack_networking_network_v2.ext_net",
            "openstack_networking_network_v2.tf_fb_net",
            "openstack_networking_router_v2.tf_fb_router",
            "openstack_networking_subnet_v2.tf_fb_subnet"
          ]
        }
      ]
    },
    {
      "mode": "managed",
      "type": "openstack_networking_router_v2",
      "name": "tf_fb_router",
      "provider": "provider[\"registry.opentofu.org/terraform-provider-openstack/openstack\"]",
      "instances": [
        {
          "schema_version": 0,
          "attributes": {
            "admin_state_up": true,
            "all_tags": [],
            "availability_zone_hints": [],
            "description": "",
            "distributed": false,
            "enable_snat": true,
            "external_fixed_ip": [
              {
                "ip_address": "192.168.3.83",
                "subnet_id": "14c24d48-1fc6-4f61-ba48-8b4cc5c5b612"
              },
              {
                "ip_address": "2803:de40:4014:c6ff::133a",
                "subnet_id": "9dd43736-509b-45fe-9cf3-636209072c5c"
              }
            ],
            "external_network_id": "4cd100c4-1652-47b1-b63b-a69f96a06355",
            "external_subnet_ids": null,
            "id": "8ba0b843-de27-4c20-82b7-186d9b525185",
            "name": "tf_fb_router",
            "region": "RegionOne",
            "tags": [],
            "tenant_id": "079e6319252840c58efc14fa898f96a7",
            "timeouts": null,
            "value_specs": null,
            "vendor_options": []
          },
          "sensitive_attributes": [],
          "private": "eyJlMmJmYjczMC1lY2FhLTExZTYtOGY4OC0zNDM2M2JjN2M0YzAiOnsiY3JlYXRlIjo2MDAwMDAwMDAwMDAsImRlbGV0ZSI6NjAwMDAwMDAwMDAwfX0=",
          "dependencies": [
            "data.openstack_networking_network_v2.ext_net"
          ]
        }
      ]
    },
    {
      "mode": "managed",
      "type": "openstack_networking_subnet_v2",
      "name": "tf_fb_subnet",
      "provider": "provider[\"registry.opentofu.org/terraform-provider-openstack/openstack\"]",
      "instances": [
        {
          "schema_version": 0,
          "attributes": {
            "all_tags": [],
            "allocation_pool": [
              {
                "end": "172.19.0.254",
                "start": "172.19.0.2"
              }
            ],
            "cidr": "172.19.0.0/24",
            "description": "",
            "dns_nameservers": [
              "8.8.8.8",
              "1.1.1.1"
            ],
            "enable_dhcp": true,
            "gateway_ip": "172.19.0.1",
            "id": "e5bd6ba8-dd0e-48ad-a38c-fff56dc1dc01",
            "ip_version": 4,
            "ipv6_address_mode": "",
            "ipv6_ra_mode": "",
            "name": "tf_fb_subnet",
            "network_id": "6c5aed98-4d76-407f-bcc4-c97beb34ccb5",
            "no_gateway": false,
            "prefix_length": null,
            "region": "RegionOne",
            "service_types": [],
            "subnetpool_id": "",
            "tags": [],
            "tenant_id": "079e6319252840c58efc14fa898f96a7",
            "timeouts": null,
            "value_specs": null
          },
          "sensitive_attributes": [],
          "private": "eyJlMmJmYjczMC1lY2FhLTExZTYtOGY4OC0zNDM2M2JjN2M0YzAiOnsiY3JlYXRlIjo2MDAwMDAwMDAwMDAsImRlbGV0ZSI6NjAwMDAwMDAwMDAwfX0=",
          "dependencies": [
            "openstack_networking_network_v2.tf_fb_net"
          ]
        }
      ]
    }
  ],
  "check_results": null
}
